{
  "dart": {
    "executables": {
      "project-creator": "project_creator"
    }
  },
  "pub": {
    "hosted/pub.dartlang.org/characters-1.2.1": {
      "fetcher": "fetchzip",
      "args": {
        "name": "pub-characters-1.2.1",
        "url": "https://pub.dartlang.org/packages/characters/versions/1.2.1.tar.gz",
        "stripRoot": false,
        "sha256": "14410hzmgm60nn83srzyvsykpa4vvsj18icaf5sj00q5fmpbhkcq"
      }
    },
    "hosted/pub.dartlang.org/cli_dialog-0.5.0": {
      "fetcher": "fetchzip",
      "args": {
        "name": "pub-cli_dialog-0.5.0",
        "url": "https://pub.dartlang.org/packages/cli_dialog/versions/0.5.0.tar.gz",
        "stripRoot": false,
        "sha256": "0fkmyzvcy110xk1is7b79aa1wvg6qi8gmxk0g3a91x91piw1hj5s"
      }
    },
    "hosted/pub.dartlang.org/clock-1.1.1": {
      "fetcher": "fetchzip",
      "args": {
        "name": "pub-clock-1.1.1",
        "url": "https://pub.dartlang.org/packages/clock/versions/1.1.1.tar.gz",
        "stripRoot": false,
        "sha256": "1z1mpmd7b6dw9w20vb5l5y3r6fmck4iriydlv9hhvmp7p6ss37hk"
      }
    },
    "hosted/pub.dartlang.org/dart_console-1.1.2": {
      "fetcher": "fetchzip",
      "args": {
        "name": "pub-dart_console-1.1.2",
        "url": "https://pub.dartlang.org/packages/dart_console/versions/1.1.2.tar.gz",
        "stripRoot": false,
        "sha256": "09vdnpwgcpzwskp79q4lhqm3w2q3d45x81c3dl40a1xzz9q5z00i"
      }
    },
    "hosted/pub.dartlang.org/ffi-2.0.1": {
      "fetcher": "fetchzip",
      "args": {
        "name": "pub-ffi-2.0.1",
        "url": "https://pub.dartlang.org/packages/ffi/versions/2.0.1.tar.gz",
        "stripRoot": false,
        "sha256": "02648wgdd6i5qzzklqiclc0jh4ihial4kivcqi5sy9r0af7jkr59"
      }
    },
    "hosted/pub.dartlang.org/intl-0.17.0": {
      "fetcher": "fetchzip",
      "args": {
        "name": "pub-intl-0.17.0",
        "url": "https://pub.dartlang.org/packages/intl/versions/0.17.0.tar.gz",
        "stripRoot": false,
        "sha256": "1hn6bi59vqjn49ck3qxzlyvwb2vy0g5wb0ax57xpbliwrl5zrhb9"
      }
    },
    "hosted/pub.dartlang.org/lints-2.0.1": {
      "fetcher": "fetchzip",
      "args": {
        "name": "pub-lints-2.0.1",
        "url": "https://pub.dartlang.org/packages/lints/versions/2.0.1.tar.gz",
        "stripRoot": false,
        "sha256": "0y0iryaffx3ik4mxpcr9ys90nnkrq0r3bmi1lf8ww1xafy6nirb6"
      }
    },
    "hosted/pub.dartlang.org/path-1.8.2": {
      "fetcher": "fetchzip",
      "args": {
        "name": "pub-path-1.8.2",
        "url": "https://pub.dartlang.org/packages/path/versions/1.8.2.tar.gz",
        "stripRoot": false,
        "sha256": "16ggdh29ciy7h8sdshhwmxn6dd12sfbykf2j82c56iwhhlljq181"
      }
    },
    "hosted/pub.dartlang.org/win32-2.7.0": {
      "fetcher": "fetchzip",
      "args": {
        "name": "pub-win32-2.7.0",
        "url": "https://pub.dartlang.org/packages/win32/versions/2.7.0.tar.gz",
        "stripRoot": false,
        "sha256": "143jqjs5nk4r2w9xxhzkfbipkqh8d34ya3g256i8ib0m0lp2lm0f"
      }
    }
  }
}