{
  "dart": {
    "executables": {
      "project-creator": "project_creator"
    }
  },
  "pub": {
    "hosted/pub.dev/lints-2.0.1": {
      "fetcher": "fetchzip",
      "args": {
        "name": "pub-lints-2.0.1",
        "url": "https://pub.dev/packages/lints/versions/2.0.1.tar.gz",
        "stripRoot": false,
        "sha256": "0y0iryaffx3ik4mxpcr9ys90nnkrq0r3bmi1lf8ww1xafy6nirb6"
      }
    },
    "hosted/pub.dev/mason_logger-0.2.5": {
      "fetcher": "fetchzip",
      "args": {
        "name": "pub-mason_logger-0.2.5",
        "url": "https://pub.dev/packages/mason_logger/versions/0.2.5.tar.gz",
        "stripRoot": false,
        "sha256": "070y8h1x8f3zwfcflk9yf75466hd7liman7dinghcww2yaflqp4p"
      }
    },
    "hosted/pub.dev/path-1.8.3": {
      "fetcher": "fetchzip",
      "args": {
        "name": "pub-path-1.8.3",
        "url": "https://pub.dev/packages/path/versions/1.8.3.tar.gz",
        "stripRoot": false,
        "sha256": "1mjdhq2fsz6i9krhp2mnaks2bcw34sa4p7mg0v6njk8dgx2754iv"
      }
    }
  }
}